// !$*UTF8*$!
{
	archiveVersion = 1;
	classes = {
	};
	objectVersion = 50;
	objects = {

/* Begin PBXBuildFile section */
		D426344D261110570053EBFF /* PokemonRepository.swift in Sources */ = {isa = PBXBuildFile; fileRef = D426344C261110570053EBFF /* PokemonRepository.swift */; };
		D426345D261113520053EBFF /* Pokemon.swift in Sources */ = {isa = PBXBuildFile; fileRef = D426345C261113520053EBFF /* Pokemon.swift */; };
		D475EE552606D8B70021D672 /* AppDelegate.swift in Sources */ = {isa = PBXBuildFile; fileRef = D475EE542606D8B70021D672 /* AppDelegate.swift */; };
		D475EE572606D8B70021D672 /* SceneDelegate.swift in Sources */ = {isa = PBXBuildFile; fileRef = D475EE562606D8B70021D672 /* SceneDelegate.swift */; };
		D475EE592606D8B70021D672 /* ViewController.swift in Sources */ = {isa = PBXBuildFile; fileRef = D475EE582606D8B70021D672 /* ViewController.swift */; };
		D475EE5C2606D8B70021D672 /* Main.storyboard in Resources */ = {isa = PBXBuildFile; fileRef = D475EE5A2606D8B70021D672 /* Main.storyboard */; };
		D475EE5F2606D8B70021D672 /* PokemonGO.xcdatamodeld in Sources */ = {isa = PBXBuildFile; fileRef = D475EE5D2606D8B70021D672 /* PokemonGO.xcdatamodeld */; };
		D475EE612606D8B90021D672 /* Assets.xcassets in Resources */ = {isa = PBXBuildFile; fileRef = D475EE602606D8B90021D672 /* Assets.xcassets */; };
		D475EE642606D8B90021D672 /* LaunchScreen.storyboard in Resources */ = {isa = PBXBuildFile; fileRef = D475EE622606D8B90021D672 /* LaunchScreen.storyboard */; };
		D475EE6E2606DAB80021D672 /* MapKit.framework in Frameworks */ = {isa = PBXBuildFile; fileRef = D475EE6D2606DAB80021D672 /* MapKit.framework */; };
		D4EA5DD326115F7B00CE6A76 /* PokemonPointAnnotation.swift in Sources */ = {isa = PBXBuildFile; fileRef = D4EA5DD226115F7B00CE6A76 /* PokemonPointAnnotation.swift */; };
		D4EA5DD726116D8B00CE6A76 /* PokeListViewController.swift in Sources */ = {isa = PBXBuildFile; fileRef = D4EA5DD626116D8B00CE6A76 /* PokeListViewController.swift */; };
		D4F643F8260D59170095B0ED /* MapLocationViewController.swift in Sources */ = {isa = PBXBuildFile; fileRef = D4F643F7260D59170095B0ED /* MapLocationViewController.swift */; };
/* End PBXBuildFile section */

/* Begin PBXFileReference section */
		D426344C261110570053EBFF /* PokemonRepository.swift */ = {isa = PBXFileReference; lastKnownFileType = sourcecode.swift; path = PokemonRepository.swift; sourceTree = "<group>"; };
		D426345C261113520053EBFF /* Pokemon.swift */ = {isa = PBXFileReference; lastKnownFileType = sourcecode.swift; path = Pokemon.swift; sourceTree = "<group>"; };
		D475EE512606D8B70021D672 /* PokemonGO.app */ = {isa = PBXFileReference; explicitFileType = wrapper.application; includeInIndex = 0; path = PokemonGO.app; sourceTree = BUILT_PRODUCTS_DIR; };
		D475EE542606D8B70021D672 /* AppDelegate.swift */ = {isa = PBXFileReference; lastKnownFileType = sourcecode.swift; path = AppDelegate.swift; sourceTree = "<group>"; };
		D475EE562606D8B70021D672 /* SceneDelegate.swift */ = {isa = PBXFileReference; lastKnownFileType = sourcecode.swift; path = SceneDelegate.swift; sourceTree = "<group>"; };
		D475EE582606D8B70021D672 /* ViewController.swift */ = {isa = PBXFileReference; lastKnownFileType = sourcecode.swift; path = ViewController.swift; sourceTree = "<group>"; };
		D475EE5B2606D8B70021D672 /* Base */ = {isa = PBXFileReference; lastKnownFileType = file.storyboard; name = Base; path = Base.lproj/Main.storyboard; sourceTree = "<group>"; };
		D475EE5E2606D8B70021D672 /* PokemonGO.xcdatamodel */ = {isa = PBXFileReference; lastKnownFileType = wrapper.xcdatamodel; path = PokemonGO.xcdatamodel; sourceTree = "<group>"; };
		D475EE602606D8B90021D672 /* Assets.xcassets */ = {isa = PBXFileReference; lastKnownFileType = folder.assetcatalog; path = Assets.xcassets; sourceTree = "<group>"; };
		D475EE632606D8B90021D672 /* Base */ = {isa = PBXFileReference; lastKnownFileType = file.storyboard; name = Base; path = Base.lproj/LaunchScreen.storyboard; sourceTree = "<group>"; };
		D475EE652606D8B90021D672 /* Info.plist */ = {isa = PBXFileReference; lastKnownFileType = text.plist.xml; path = Info.plist; sourceTree = "<group>"; };
		D475EE6D2606DAB80021D672 /* MapKit.framework */ = {isa = PBXFileReference; lastKnownFileType = wrapper.framework; name = MapKit.framework; path = System/Library/Frameworks/MapKit.framework; sourceTree = SDKROOT; };
		D4EA5DD226115F7B00CE6A76 /* PokemonPointAnnotation.swift */ = {isa = PBXFileReference; lastKnownFileType = sourcecode.swift; path = PokemonPointAnnotation.swift; sourceTree = "<group>"; };
		D4EA5DD626116D8B00CE6A76 /* PokeListViewController.swift */ = {isa = PBXFileReference; lastKnownFileType = sourcecode.swift; path = PokeListViewController.swift; sourceTree = "<group>"; };
		D4F643F7260D59170095B0ED /* MapLocationViewController.swift */ = {isa = PBXFileReference; lastKnownFileType = sourcecode.swift; path = MapLocationViewController.swift; sourceTree = "<group>"; };
/* End PBXFileReference section */

/* Begin PBXFrameworksBuildPhase section */
		D475EE4E2606D8B70021D672 /* Frameworks */ = {
			isa = PBXFrameworksBuildPhase;
			buildActionMask = 2147483647;
			files = (
				D475EE6E2606DAB80021D672 /* MapKit.framework in Frameworks */,
			);
			runOnlyForDeploymentPostprocessing = 0;
		};
/* End PBXFrameworksBuildPhase section */

/* Begin PBXGroup section */
		D426344F261110640053EBFF /* controller */ = {
			isa = PBXGroup;
			children = (
				D475EE582606D8B70021D672 /* ViewController.swift */,
				D4F643F7260D59170095B0ED /* MapLocationViewController.swift */,
				D4EA5DD626116D8B00CE6A76 /* PokeListViewController.swift */,
			);
			path = controller;
			sourceTree = "<group>";
		};
		D4263451261110880053EBFF /* repository */ = {
			isa = PBXGroup;
			children = (
				D426344C261110570053EBFF /* PokemonRepository.swift */,
			);
			path = repository;
			sourceTree = "<group>";
		};
		D42634522611109A0053EBFF /* model */ = {
			isa = PBXGroup;
			children = (
				D426345C261113520053EBFF /* Pokemon.swift */,
			);
			path = model;
			sourceTree = "<group>";
		};
		D475EE482606D8B70021D672 = {
			isa = PBXGroup;
			children = (
				D475EE532606D8B70021D672 /* PokemonGO */,
				D475EE522606D8B70021D672 /* Products */,
				D475EE6C2606DAB80021D672 /* Frameworks */,
			);
			sourceTree = "<group>";
		};
		D475EE522606D8B70021D672 /* Products */ = {
			isa = PBXGroup;
			children = (
				D475EE512606D8B70021D672 /* PokemonGO.app */,
			);
			name = Products;
			sourceTree = "<group>";
		};
		D475EE532606D8B70021D672 /* PokemonGO */ = {
			isa = PBXGroup;
			children = (
				D42634522611109A0053EBFF /* model */,
				D4263451261110880053EBFF /* repository */,
				D426344F261110640053EBFF /* controller */,
				D475EE542606D8B70021D672 /* AppDelegate.swift */,
				D475EE562606D8B70021D672 /* SceneDelegate.swift */,
				D475EE5A2606D8B70021D672 /* Main.storyboard */,
				D475EE602606D8B90021D672 /* Assets.xcassets */,
				D475EE622606D8B90021D672 /* LaunchScreen.storyboard */,
				D475EE652606D8B90021D672 /* Info.plist */,
				D475EE5D2606D8B70021D672 /* PokemonGO.xcdatamodeld */,
				D4EA5DD226115F7B00CE6A76 /* PokemonPointAnnotation.swift */,
			);
			path = PokemonGO;
			sourceTree = "<group>";
		};
		D475EE6C2606DAB80021D672 /* Frameworks */ = {
			isa = PBXGroup;
			children = (
				D475EE6D2606DAB80021D672 /* MapKit.framework */,
			);
			name = Frameworks;
			sourceTree = "<group>";
		};
/* End PBXGroup section */

/* Begin PBXNativeTarget section */
		D475EE502606D8B70021D672 /* PokemonGO */ = {
			isa = PBXNativeTarget;
			buildConfigurationList = D475EE682606D8B90021D672 /* Build configuration list for PBXNativeTarget "PokemonGO" */;
			buildPhases = (
				D475EE4D2606D8B70021D672 /* Sources */,
				D475EE4E2606D8B70021D672 /* Frameworks */,
				D475EE4F2606D8B70021D672 /* Resources */,
			);
			buildRules = (
			);
			dependencies = (
			);
			name = PokemonGO;
			productName = PokemonGO;
			productReference = D475EE512606D8B70021D672 /* PokemonGO.app */;
			productType = "com.apple.product-type.application";
		};
/* End PBXNativeTarget section */

/* Begin PBXProject section */
		D475EE492606D8B70021D672 /* Project object */ = {
			isa = PBXProject;
			attributes = {
				LastSwiftUpdateCheck = 1240;
				LastUpgradeCheck = 1240;
				TargetAttributes = {
					D475EE502606D8B70021D672 = {
						CreatedOnToolsVersion = 12.4;
					};
				};
			};
			buildConfigurationList = D475EE4C2606D8B70021D672 /* Build configuration list for PBXProject "PokemonGO" */;
			compatibilityVersion = "Xcode 9.3";
			developmentRegion = en;
			hasScannedForEncodings = 0;
			knownRegions = (
				en,
				Base,
			);
			mainGroup = D475EE482606D8B70021D672;
			productRefGroup = D475EE522606D8B70021D672 /* Products */;
			projectDirPath = "";
			projectRoot = "";
			targets = (
				D475EE502606D8B70021D672 /* PokemonGO */,
			);
		};
/* End PBXProject section */

/* Begin PBXResourcesBuildPhase section */
		D475EE4F2606D8B70021D672 /* Resources */ = {
			isa = PBXResourcesBuildPhase;
			buildActionMask = 2147483647;
			files = (
				D475EE642606D8B90021D672 /* LaunchScreen.storyboard in Resources */,
				D475EE612606D8B90021D672 /* Assets.xcassets in Resources */,
				D475EE5C2606D8B70021D672 /* Main.storyboard in Resources */,
			);
			runOnlyForDeploymentPostprocessing = 0;
		};
/* End PBXResourcesBuildPhase section */

/* Begin PBXSourcesBuildPhase section */
		D475EE4D2606D8B70021D672 /* Sources */ = {
			isa = PBXSourcesBuildPhase;
			buildActionMask = 2147483647;
			files = (
				D426345D261113520053EBFF /* Pokemon.swift in Sources */,
				D475EE592606D8B70021D672 /* ViewController.swift in Sources */,
				D4F643F8260D59170095B0ED /* MapLocationViewController.swift in Sources */,
				D475EE5F2606D8B70021D672 /* PokemonGO.xcdatamodeld in Sources */,
				D475EE552606D8B70021D672 /* AppDelegate.swift in Sources */,
				D475EE572606D8B70021D672 /* SceneDelegate.swift in Sources */,
				D4EA5DD326115F7B00CE6A76 /* PokemonPointAnnotation.swift in Sources */,
				D4EA5DD726116D8B00CE6A76 /* PokeListViewController.swift in Sources */,
				D426344D261110570053EBFF /* PokemonRepository.swift in Sources */,
			);
			runOnlyForDeploymentPostprocessing = 0;
		};
/* End PBXSourcesBuildPhase section */

/* Begin PBXVariantGroup section */
		D475EE5A2606D8B70021D672 /* Main.storyboard */ = {
			isa = PBXVariantGroup;
			children = (
				D475EE5B2606D8B70021D672 /* Base */,
			);
			name = Main.storyboard;
			sourceTree = "<group>";
		};
		D475EE622606D8B90021D672 /* LaunchScreen.storyboard */ = {
			isa = PBXVariantGroup;
			children = (
				D475EE632606D8B90021D672 /* Base */,
			);
			name = LaunchScreen.storyboard;
			sourceTree = "<group>";
		};
/* End PBXVariantGroup section */

/* Begin XCBuildConfiguration section */
		D475EE662606D8B90021D672 /* Debug */ = {
			isa = XCBuildConfiguration;
			buildSettings = {
				ALWAYS_SEARCH_USER_PATHS = NO;
				CLANG_ANALYZER_NONNULL = YES;
				CLANG_ANALYZER_NUMBER_OBJECT_CONVERSION = YES_AGGRESSIVE;
				CLANG_CXX_LANGUAGE_STANDARD = "gnu++14";
				CLANG_CXX_LIBRARY = "libc++";
				CLANG_ENABLE_MODULES = YES;
				CLANG_ENABLE_OBJC_ARC = YES;
				CLANG_ENABLE_OBJC_WEAK = YES;
				CLANG_WARN_BLOCK_CAPTURE_AUTORELEASING = YES;
				CLANG_WARN_BOOL_CONVERSION = YES;
				CLANG_WARN_COMMA = YES;
				CLANG_WARN_CONSTANT_CONVERSION = YES;
				CLANG_WARN_DEPRECATED_OBJC_IMPLEMENTATIONS = YES;
				CLANG_WARN_DIRECT_OBJC_ISA_USAGE = YES_ERROR;
				CLANG_WARN_DOCUMENTATION_COMMENTS = YES;
				CLANG_WARN_EMPTY_BODY = YES;
				CLANG_WARN_ENUM_CONVERSION = YES;
				CLANG_WARN_INFINITE_RECURSION = YES;
				CLANG_WARN_INT_CONVERSION = YES;
				CLANG_WARN_NON_LITERAL_NULL_CONVERSION = YES;
				CLANG_WARN_OBJC_IMPLICIT_RETAIN_SELF = YES;
				CLANG_WARN_OBJC_LITERAL_CONVERSION = YES;
				CLANG_WARN_OBJC_ROOT_CLASS = YES_ERROR;
				CLANG_WARN_QUOTED_INCLUDE_IN_FRAMEWORK_HEADER = YES;
				CLANG_WARN_RANGE_LOOP_ANALYSIS = YES;
				CLANG_WARN_STRICT_PROTOTYPES = YES;
				CLANG_WARN_SUSPICIOUS_MOVE = YES;
				CLANG_WARN_UNGUARDED_AVAILABILITY = YES_AGGRESSIVE;
				CLANG_WARN_UNREACHABLE_CODE = YES;
				CLANG_WARN__DUPLICATE_METHOD_MATCH = YES;
				COPY_PHASE_STRIP = NO;
				DEBUG_INFORMATION_FORMAT = dwarf;
				ENABLE_STRICT_OBJC_MSGSEND = YES;
				ENABLE_TESTABILITY = YES;
				GCC_C_LANGUAGE_STANDARD = gnu11;
				GCC_DYNAMIC_NO_PIC = NO;
				GCC_NO_COMMON_BLOCKS = YES;
				GCC_OPTIMIZATION_LEVEL = 0;
				GCC_PREPROCESSOR_DEFINITIONS = (
					"DEBUG=1",
					"$(inherited)",
				);
				GCC_WARN_64_TO_32_BIT_CONVERSION = YES;
				GCC_WARN_ABOUT_RETURN_TYPE = YES_ERROR;
				GCC_WARN_UNDECLARED_SELECTOR = YES;
				GCC_WARN_UNINITIALIZED_AUTOS = YES_AGGRESSIVE;
				GCC_WARN_UNUSED_FUNCTION = YES;
				GCC_WARN_UNUSED_VARIABLE = YES;
				IPHONEOS_DEPLOYMENT_TARGET = 14.4;
				MTL_ENABLE_DEBUG_INFO = INCLUDE_SOURCE;
				MTL_FAST_MATH = YES;
				ONLY_ACTIVE_ARCH = YES;
				SDKROOT = iphoneos;
				SWIFT_ACTIVE_COMPILATION_CONDITIONS = DEBUG;
				SWIFT_OPTIMIZATION_LEVEL = "-Onone";
			};
			name = Debug;
		};
		D475EE672606D8B90021D672 /* Release */ = {
			isa = XCBuildConfiguration;
			buildSettings = {
				ALWAYS_SEARCH_USER_PATHS = NO;
				CLANG_ANALYZER_NONNULL = YES;
				CLANG_ANALYZER_NUMBER_OBJECT_CONVERSION = YES_AGGRESSIVE;
				CLANG_CXX_LANGUAGE_STANDARD = "gnu++14";
				CLANG_CXX_LIBRARY = "libc++";
				CLANG_ENABLE_MODULES = YES;
				CLANG_ENABLE_OBJC_ARC = YES;
				CLANG_ENABLE_OBJC_WEAK = YES;
				CLANG_WARN_BLOCK_CAPTURE_AUTORELEASING = YES;
				CLANG_WARN_BOOL_CONVERSION = YES;
				CLANG_WARN_COMMA = YES;
				CLANG_WARN_CONSTANT_CONVERSION = YES;
				CLANG_WARN_DEPRECATED_OBJC_IMPLEMENTATIONS = YES;
				CLANG_WARN_DIRECT_OBJC_ISA_USAGE = YES_ERROR;
				CLANG_WARN_DOCUMENTATION_COMMENTS = YES;
				CLANG_WARN_EMPTY_BODY = YES;
				CLANG_WARN_ENUM_CONVERSION = YES;
				CLANG_WARN_INFINITE_RECURSION = YES;
				CLANG_WARN_INT_CONVERSION = YES;
				CLANG_WARN_NON_LITERAL_NULL_CONVERSION = YES;
				CLANG_WARN_OBJC_IMPLICIT_RETAIN_SELF = YES;
				CLANG_WARN_OBJC_LITERAL_CONVERSION = YES;
				CLANG_WARN_OBJC_ROOT_CLASS = YES_ERROR;
				CLANG_WARN_QUOTED_INCLUDE_IN_FRAMEWORK_HEADER = YES;
				CLANG_WARN_RANGE_LOOP_ANALYSIS = YES;
				CLANG_WARN_STRICT_PROTOTYPES = YES;
				CLANG_WARN_SUSPICIOUS_MOVE = YES;
				CLANG_WARN_UNGUARDED_AVAILABILITY = YES_AGGRESSIVE;
				CLANG_WARN_UNREACHABLE_CODE = YES;
				CLANG_WARN__DUPLICATE_METHOD_MATCH = YES;
				COPY_PHASE_STRIP = NO;
				DEBUG_INFORMATION_FORMAT = "dwarf-with-dsym";
				ENABLE_NS_ASSERTIONS = NO;
				ENABLE_STRICT_OBJC_MSGSEND = YES;
				GCC_C_LANGUAGE_STANDARD = gnu11;
				GCC_NO_COMMON_BLOCKS = YES;
				GCC_WARN_64_TO_32_BIT_CONVERSION = YES;
				GCC_WARN_ABOUT_RETURN_TYPE = YES_ERROR;
				GCC_WARN_UNDECLARED_SELECTOR = YES;
				GCC_WARN_UNINITIALIZED_AUTOS = YES_AGGRESSIVE;
				GCC_WARN_UNUSED_FUNCTION = YES;
				GCC_WARN_UNUSED_VARIABLE = YES;
				IPHONEOS_DEPLOYMENT_TARGET = 14.4;
				MTL_ENABLE_DEBUG_INFO = NO;
				MTL_FAST_MATH = YES;
				SDKROOT = iphoneos;
				SWIFT_COMPILATION_MODE = wholemodule;
				SWIFT_OPTIMIZATION_LEVEL = "-O";
				VALIDATE_PRODUCT = YES;
			};
			name = Release;
		};
		D475EE692606D8B90021D672 /* Debug */ = {
			isa = XCBuildConfiguration;
			buildSettings = {
				ASSETCATALOG_COMPILER_APPICON_NAME = AppIcon;
				ASSETCATALOG_COMPILER_GLOBAL_ACCENT_COLOR_NAME = AccentColor;
				CODE_SIGN_STYLE = Automatic;
				INFOPLIST_FILE = PokemonGO/Info.plist;
				LD_RUNPATH_SEARCH_PATHS = (
					"$(inherited)",
					"@executable_path/Frameworks",
				);
				PRODUCT_BUNDLE_IDENTIFIER = "Curso-IOS.PokemonGO";
				PRODUCT_NAME = "$(TARGET_NAME)";
				SWIFT_VERSION = 5.0;
				TARGETED_DEVICE_FAMILY = "1,2";
			};
			name = Debug;
		};
		D475EE6A2606D8B90021D672 /* Release */ = {
			isa = XCBuildConfiguration;
			buildSettings = {
				ASSETCATALOG_COMPILER_APPICON_NAME = AppIcon;
				ASSETCATALOG_COMPILER_GLOBAL_ACCENT_COLOR_NAME = AccentColor;
				CODE_SIGN_STYLE = Automatic;
				INFOPLIST_FILE = PokemonGO/Info.plist;
				LD_RUNPATH_SEARCH_PATHS = (
					"$(inherited)",
					"@executable_path/Frameworks",
				);
				PRODUCT_BUNDLE_IDENTIFIER = "Curso-IOS.PokemonGO";
				PRODUCT_NAME = "$(TARGET_NAME)";
				SWIFT_VERSION = 5.0;
				TARGETED_DEVICE_FAMILY = "1,2";
			};
			name = Release;
		};
/* End XCBuildConfiguration section */

/* Begin XCConfigurationList section */
		D475EE4C2606D8B70021D672 /* Build configuration list for PBXProject "PokemonGO" */ = {
			isa = XCConfigurationList;
			buildConfigurations = (
				D475EE662606D8B90021D672 /* Debug */,
				D475EE672606D8B90021D672 /* Release */,
			);
			defaultConfigurationIsVisible = 0;
			defaultConfigurationName = Release;
		};
		D475EE682606D8B90021D672 /* Build configuration list for PBXNativeTarget "PokemonGO" */ = {
			isa = XCConfigurationList;
			buildConfigurations = (
				D475EE692606D8B90021D672 /* Debug */,
				D475EE6A2606D8B90021D672 /* Release */,
			);
			defaultConfigurationIsVisible = 0;
			defaultConfigurationName = Release;
		};
/* End XCConfigurationList section */

/* Begin XCVersionGroup section */
		D475EE5D2606D8B70021D672 /* PokemonGO.xcdatamodeld */ = {
			isa = XCVersionGroup;
			children = (
				D475EE5E2606D8B70021D672 /* PokemonGO.xcdatamodel */,
			);
			currentVersion = D475EE5E2606D8B70021D672 /* PokemonGO.xcdatamodel */;
			path = PokemonGO.xcdatamodeld;
			sourceTree = "<group>";
			versionGroupType = wrapper.xcdatamodel;
		};
/* End XCVersionGroup section */
	};
	rootObject = D475EE492606D8B70021D672 /* Project object */;
}
